
Microsoft Visual Studio Solution File, Format Version 12.00
Project("{FAE04EC0-301F-11D3-BF4B-00C04F79EFBC}") = "WebAngular", "WebAngular.csproj", "{F720FDC0-AD5F-4ACA-8689-394C3984D6FB}"
EndProject
Global
	GlobalSection(SolutionConfigurationPlatforms) = preSolution
		Debug|Any CPU = Debug|Any CPU
		Release|Any CPU = Release|Any CPU
	EndGlobalSection
	GlobalSection(ProjectConfigurationPlatforms) = postSolution
		{F720FDC0-AD5F-4ACA-8689-394C3984D6FB}.Debug|Any CPU.ActiveCfg = Debug|Any CPU
		{F720FDC0-AD5F-4ACA-8689-394C3984D6FB}.Debug|Any CPU.Build.0 = Debug|Any CPU
		{F720FDC0-AD5F-4ACA-8689-394C3984D6FB}.Release|Any CPU.ActiveCfg = Release|Any CPU
		{F720FDC0-AD5F-4ACA-8689-394C3984D6FB}.Release|Any CPU.Build.0 = Release|Any CPU
	EndGlobalSection
EndGlobal
